
Microsoft Visual Studio Solution File, Format Version 12.00
# Visual Studio Version 17
VisualStudioVersion = 17.1.32328.378
MinimumVisualStudioVersion = 10.0.40219.1
Project("{FAE04EC0-301F-11D3-BF4B-00C04F79EFBC}") = "RevisionStructureDeDonnees", "RevisionStructureDeDonnees.csproj", "{5264F57F-52A4-48D7-AAFB-36A83D66E20B}"
EndProject
Global
	GlobalSection(SolutionConfigurationPlatforms) = preSolution
		Debug|Any CPU = Debug|Any CPU
		Release|Any CPU = Release|Any CPU
	EndGlobalSection
	GlobalSection(ProjectConfigurationPlatforms) = postSolution
		{5264F57F-52A4-48D7-AAFB-36A83D66E20B}.Debug|Any CPU.ActiveCfg = Debug|Any CPU
		{5264F57F-52A4-48D7-AAFB-36A83D66E20B}.Debug|Any CPU.Build.0 = Debug|Any CPU
		{5264F57F-52A4-48D7-AAFB-36A83D66E20B}.Release|Any CPU.ActiveCfg = Release|Any CPU
		{5264F57F-52A4-48D7-AAFB-36A83D66E20B}.Release|Any CPU.Build.0 = Release|Any CPU
	EndGlobalSection
	GlobalSection(SolutionProperties) = preSolution
		HideSolutionNode = FALSE
	EndGlobalSection
	GlobalSection(ExtensibilityGlobals) = postSolution
		SolutionGuid = {82411240-D5DE-46E7-9B12-6DDD2FFB6066}
	EndGlobalSection
EndGlobal
