
Microsoft Visual Studio Solution File, Format Version 12.00
# Visual Studio Version 17
VisualStudioVersion = 17.3.32929.385
MinimumVisualStudioVersion = 10.0.40219.1
Project("{FAE04EC0-301F-11D3-BF4B-00C04F79EFBC}") = "Dictionnaire_2._1", "Dictionnaire_2._1\Dictionnaire_2._1.csproj", "{778EB958-5F63-4973-A50A-2193A9F10346}"
EndProject
Global
	GlobalSection(SolutionConfigurationPlatforms) = preSolution
		Debug|Any CPU = Debug|Any CPU
		Release|Any CPU = Release|Any CPU
	EndGlobalSection
	GlobalSection(ProjectConfigurationPlatforms) = postSolution
		{778EB958-5F63-4973-A50A-2193A9F10346}.Debug|Any CPU.ActiveCfg = Debug|Any CPU
		{778EB958-5F63-4973-A50A-2193A9F10346}.Debug|Any CPU.Build.0 = Debug|Any CPU
		{778EB958-5F63-4973-A50A-2193A9F10346}.Release|Any CPU.ActiveCfg = Release|Any CPU
		{778EB958-5F63-4973-A50A-2193A9F10346}.Release|Any CPU.Build.0 = Release|Any CPU
	EndGlobalSection
	GlobalSection(SolutionProperties) = preSolution
		HideSolutionNode = FALSE
	EndGlobalSection
	GlobalSection(ExtensibilityGlobals) = postSolution
		SolutionGuid = {47E4C49D-C85C-4901-972F-6526076A2FA8}
	EndGlobalSection
EndGlobal
