
Microsoft Visual Studio Solution File, Format Version 12.00
# Visual Studio Version 17
VisualStudioVersion = 17.3.32929.385
MinimumVisualStudioVersion = 10.0.40219.1
Project("{FAE04EC0-301F-11D3-BF4B-00C04F79EFBC}") = "GestionsEtudiants", "GestionsEtudiants\GestionsEtudiants.csproj", "{05669A09-CFDF-4C12-9178-1AA7195DB315}"
EndProject
Global
	GlobalSection(SolutionConfigurationPlatforms) = preSolution
		Debug|Any CPU = Debug|Any CPU
		Release|Any CPU = Release|Any CPU
	EndGlobalSection
	GlobalSection(ProjectConfigurationPlatforms) = postSolution
		{05669A09-CFDF-4C12-9178-1AA7195DB315}.Debug|Any CPU.ActiveCfg = Debug|Any CPU
		{05669A09-CFDF-4C12-9178-1AA7195DB315}.Debug|Any CPU.Build.0 = Debug|Any CPU
		{05669A09-CFDF-4C12-9178-1AA7195DB315}.Release|Any CPU.ActiveCfg = Release|Any CPU
		{05669A09-CFDF-4C12-9178-1AA7195DB315}.Release|Any CPU.Build.0 = Release|Any CPU
	EndGlobalSection
	GlobalSection(SolutionProperties) = preSolution
		HideSolutionNode = FALSE
	EndGlobalSection
	GlobalSection(ExtensibilityGlobals) = postSolution
		SolutionGuid = {A131E5A3-0615-41E1-A4A7-FA8F7D055C2B}
	EndGlobalSection
EndGlobal
