
Microsoft Visual Studio Solution File, Format Version 12.00
# Visual Studio Version 17
VisualStudioVersion = 17.1.32328.378
MinimumVisualStudioVersion = 10.0.40219.1
Project("{FAE04EC0-301F-11D3-BF4B-00C04F79EFBC}") = "Chapitre11", "Chapitre11.csproj", "{677B6A9A-4548-46E0-AAF8-C8E5DBECF6A6}"
EndProject
Global
	GlobalSection(SolutionConfigurationPlatforms) = preSolution
		Debug|Any CPU = Debug|Any CPU
		Release|Any CPU = Release|Any CPU
	EndGlobalSection
	GlobalSection(ProjectConfigurationPlatforms) = postSolution
		{677B6A9A-4548-46E0-AAF8-C8E5DBECF6A6}.Debug|Any CPU.ActiveCfg = Debug|Any CPU
		{677B6A9A-4548-46E0-AAF8-C8E5DBECF6A6}.Debug|Any CPU.Build.0 = Debug|Any CPU
		{677B6A9A-4548-46E0-AAF8-C8E5DBECF6A6}.Release|Any CPU.ActiveCfg = Release|Any CPU
		{677B6A9A-4548-46E0-AAF8-C8E5DBECF6A6}.Release|Any CPU.Build.0 = Release|Any CPU
	EndGlobalSection
	GlobalSection(SolutionProperties) = preSolution
		HideSolutionNode = FALSE
	EndGlobalSection
	GlobalSection(ExtensibilityGlobals) = postSolution
		SolutionGuid = {A9A59C67-0C36-46D6-938F-744874591EEC}
	EndGlobalSection
EndGlobal
