
Microsoft Visual Studio Solution File, Format Version 12.00
# Visual Studio Version 17
VisualStudioVersion = 17.0.32112.339
MinimumVisualStudioVersion = 10.0.40219.1
Project("{FAE04EC0-301F-11D3-BF4B-00C04F79EFBC}") = "Laboratoire006", "Laboratoire006.csproj", "{D778E813-49F6-4FD9-B107-EFA0D571D9F1}"
EndProject
Global
	GlobalSection(SolutionConfigurationPlatforms) = preSolution
		Debug|Any CPU = Debug|Any CPU
		Release|Any CPU = Release|Any CPU
	EndGlobalSection
	GlobalSection(ProjectConfigurationPlatforms) = postSolution
		{D778E813-49F6-4FD9-B107-EFA0D571D9F1}.Debug|Any CPU.ActiveCfg = Debug|Any CPU
		{D778E813-49F6-4FD9-B107-EFA0D571D9F1}.Debug|Any CPU.Build.0 = Debug|Any CPU
		{D778E813-49F6-4FD9-B107-EFA0D571D9F1}.Release|Any CPU.ActiveCfg = Release|Any CPU
		{D778E813-49F6-4FD9-B107-EFA0D571D9F1}.Release|Any CPU.Build.0 = Release|Any CPU
	EndGlobalSection
	GlobalSection(SolutionProperties) = preSolution
		HideSolutionNode = FALSE
	EndGlobalSection
	GlobalSection(ExtensibilityGlobals) = postSolution
		SolutionGuid = {FED46263-8190-4FA7-9A2A-324BB9EBCD6A}
	EndGlobalSection
EndGlobal
