
Microsoft Visual Studio Solution File, Format Version 12.00
# Visual Studio Version 17
VisualStudioVersion = 17.3.32929.385
MinimumVisualStudioVersion = 10.0.40219.1
Project("{FAE04EC0-301F-11D3-BF4B-00C04F79EFBC}") = "CalculatriceWinForms", "CalculatriceWinForms\CalculatriceWinForms.csproj", "{3FAEED67-BD6A-42D9-A4FB-C80FB827FAF1}"
EndProject
Global
	GlobalSection(SolutionConfigurationPlatforms) = preSolution
		Debug|Any CPU = Debug|Any CPU
		Release|Any CPU = Release|Any CPU
	EndGlobalSection
	GlobalSection(ProjectConfigurationPlatforms) = postSolution
		{3FAEED67-BD6A-42D9-A4FB-C80FB827FAF1}.Debug|Any CPU.ActiveCfg = Debug|Any CPU
		{3FAEED67-BD6A-42D9-A4FB-C80FB827FAF1}.Debug|Any CPU.Build.0 = Debug|Any CPU
		{3FAEED67-BD6A-42D9-A4FB-C80FB827FAF1}.Release|Any CPU.ActiveCfg = Release|Any CPU
		{3FAEED67-BD6A-42D9-A4FB-C80FB827FAF1}.Release|Any CPU.Build.0 = Release|Any CPU
	EndGlobalSection
	GlobalSection(SolutionProperties) = preSolution
		HideSolutionNode = FALSE
	EndGlobalSection
	GlobalSection(ExtensibilityGlobals) = postSolution
		SolutionGuid = {7A6568C5-F12E-44D2-ACFD-ED644E5C324B}
	EndGlobalSection
EndGlobal
