
Microsoft Visual Studio Solution File, Format Version 12.00
# Visual Studio Version 17
VisualStudioVersion = 17.0.32112.339
MinimumVisualStudioVersion = 10.0.40219.1
Project("{FAE04EC0-301F-11D3-BF4B-00C04F79EFBC}") = "AssuranceEvaluation2", "AssuranceEvaluation2.csproj", "{D86368A2-6E6C-45F5-BECF-3F6AA8A0703B}"
EndProject
Global
	GlobalSection(SolutionConfigurationPlatforms) = preSolution
		Debug|Any CPU = Debug|Any CPU
		Release|Any CPU = Release|Any CPU
	EndGlobalSection
	GlobalSection(ProjectConfigurationPlatforms) = postSolution
		{D86368A2-6E6C-45F5-BECF-3F6AA8A0703B}.Debug|Any CPU.ActiveCfg = Debug|Any CPU
		{D86368A2-6E6C-45F5-BECF-3F6AA8A0703B}.Debug|Any CPU.Build.0 = Debug|Any CPU
		{D86368A2-6E6C-45F5-BECF-3F6AA8A0703B}.Release|Any CPU.ActiveCfg = Release|Any CPU
		{D86368A2-6E6C-45F5-BECF-3F6AA8A0703B}.Release|Any CPU.Build.0 = Release|Any CPU
	EndGlobalSection
	GlobalSection(SolutionProperties) = preSolution
		HideSolutionNode = FALSE
	EndGlobalSection
	GlobalSection(ExtensibilityGlobals) = postSolution
		SolutionGuid = {D75DC4A8-49DE-4F54-A4BF-5C8732BF95F6}
	EndGlobalSection
EndGlobal
