
Microsoft Visual Studio Solution File, Format Version 12.00
# Visual Studio Version 17
VisualStudioVersion = 17.0.32112.339
MinimumVisualStudioVersion = 10.0.40219.1
Project("{FAE04EC0-301F-11D3-BF4B-00C04F79EFBC}") = "Addition", "Addition.csproj", "{897789E3-431D-4D14-9D11-B26BA1345A26}"
EndProject
Global
	GlobalSection(SolutionConfigurationPlatforms) = preSolution
		Debug|Any CPU = Debug|Any CPU
		Release|Any CPU = Release|Any CPU
	EndGlobalSection
	GlobalSection(ProjectConfigurationPlatforms) = postSolution
		{897789E3-431D-4D14-9D11-B26BA1345A26}.Debug|Any CPU.ActiveCfg = Debug|Any CPU
		{897789E3-431D-4D14-9D11-B26BA1345A26}.Debug|Any CPU.Build.0 = Debug|Any CPU
		{897789E3-431D-4D14-9D11-B26BA1345A26}.Release|Any CPU.ActiveCfg = Release|Any CPU
		{897789E3-431D-4D14-9D11-B26BA1345A26}.Release|Any CPU.Build.0 = Release|Any CPU
	EndGlobalSection
	GlobalSection(SolutionProperties) = preSolution
		HideSolutionNode = FALSE
	EndGlobalSection
	GlobalSection(ExtensibilityGlobals) = postSolution
		SolutionGuid = {D28F10DE-D6B8-413C-BC3A-E25DB2A84D72}
	EndGlobalSection
EndGlobal
