
Microsoft Visual Studio Solution File, Format Version 12.00
# Visual Studio Version 17
VisualStudioVersion = 17.3.32929.385
MinimumVisualStudioVersion = 10.0.40219.1
Project("{FAE04EC0-301F-11D3-BF4B-00C04F79EFBC}") = "Tri", "Tri\Tri.csproj", "{5F8678AF-2240-4D93-9875-80A60F21733C}"
EndProject
Global
	GlobalSection(SolutionConfigurationPlatforms) = preSolution
		Debug|Any CPU = Debug|Any CPU
		Release|Any CPU = Release|Any CPU
	EndGlobalSection
	GlobalSection(ProjectConfigurationPlatforms) = postSolution
		{5F8678AF-2240-4D93-9875-80A60F21733C}.Debug|Any CPU.ActiveCfg = Debug|Any CPU
		{5F8678AF-2240-4D93-9875-80A60F21733C}.Debug|Any CPU.Build.0 = Debug|Any CPU
		{5F8678AF-2240-4D93-9875-80A60F21733C}.Release|Any CPU.ActiveCfg = Release|Any CPU
		{5F8678AF-2240-4D93-9875-80A60F21733C}.Release|Any CPU.Build.0 = Release|Any CPU
	EndGlobalSection
	GlobalSection(SolutionProperties) = preSolution
		HideSolutionNode = FALSE
	EndGlobalSection
	GlobalSection(ExtensibilityGlobals) = postSolution
		SolutionGuid = {9919EB10-C102-4E8A-BF7B-658B12ECFB12}
	EndGlobalSection
EndGlobal
