
Microsoft Visual Studio Solution File, Format Version 12.00
# Visual Studio Version 17
VisualStudioVersion = 17.0.32112.339
MinimumVisualStudioVersion = 10.0.40219.1
Project("{FAE04EC0-301F-11D3-BF4B-00C04F79EFBC}") = "EvaluationSommative1_2702318", "EvaluationSommative1_2702318.csproj", "{FFEBB5E2-5F99-4A62-90D3-2EE77A760648}"
EndProject
Global
	GlobalSection(SolutionConfigurationPlatforms) = preSolution
		Debug|Any CPU = Debug|Any CPU
		Release|Any CPU = Release|Any CPU
	EndGlobalSection
	GlobalSection(ProjectConfigurationPlatforms) = postSolution
		{FFEBB5E2-5F99-4A62-90D3-2EE77A760648}.Debug|Any CPU.ActiveCfg = Debug|Any CPU
		{FFEBB5E2-5F99-4A62-90D3-2EE77A760648}.Debug|Any CPU.Build.0 = Debug|Any CPU
		{FFEBB5E2-5F99-4A62-90D3-2EE77A760648}.Release|Any CPU.ActiveCfg = Release|Any CPU
		{FFEBB5E2-5F99-4A62-90D3-2EE77A760648}.Release|Any CPU.Build.0 = Release|Any CPU
	EndGlobalSection
	GlobalSection(SolutionProperties) = preSolution
		HideSolutionNode = FALSE
	EndGlobalSection
	GlobalSection(ExtensibilityGlobals) = postSolution
		SolutionGuid = {707451DD-7A76-4525-AA20-B9F1E5312AE0}
	EndGlobalSection
EndGlobal
