
Microsoft Visual Studio Solution File, Format Version 12.00
# Visual Studio Version 17
VisualStudioVersion = 17.3.32929.385
MinimumVisualStudioVersion = 10.0.40219.1
Project("{FAE04EC0-301F-11D3-BF4B-00C04F79EFBC}") = "Moubarak_Boucte_Njakam", "Moubarak_Boucte_Njakam\Moubarak_Boucte_Njakam.csproj", "{6BA3EE03-6C6D-425D-ACF3-1BFEB6585617}"
EndProject
Global
	GlobalSection(SolutionConfigurationPlatforms) = preSolution
		Debug|Any CPU = Debug|Any CPU
		Release|Any CPU = Release|Any CPU
	EndGlobalSection
	GlobalSection(ProjectConfigurationPlatforms) = postSolution
		{6BA3EE03-6C6D-425D-ACF3-1BFEB6585617}.Debug|Any CPU.ActiveCfg = Debug|Any CPU
		{6BA3EE03-6C6D-425D-ACF3-1BFEB6585617}.Debug|Any CPU.Build.0 = Debug|Any CPU
		{6BA3EE03-6C6D-425D-ACF3-1BFEB6585617}.Release|Any CPU.ActiveCfg = Release|Any CPU
		{6BA3EE03-6C6D-425D-ACF3-1BFEB6585617}.Release|Any CPU.Build.0 = Release|Any CPU
	EndGlobalSection
	GlobalSection(SolutionProperties) = preSolution
		HideSolutionNode = FALSE
	EndGlobalSection
	GlobalSection(ExtensibilityGlobals) = postSolution
		SolutionGuid = {E0653B70-AF5D-4E57-A8A6-4D183D0EDA32}
	EndGlobalSection
EndGlobal
