
Microsoft Visual Studio Solution File, Format Version 12.00
# Visual Studio Version 17
VisualStudioVersion = 17.1.32328.378
MinimumVisualStudioVersion = 10.0.40219.1
Project("{FAE04EC0-301F-11D3-BF4B-00C04F79EFBC}") = "TestChap10", "TestChap10.csproj", "{D77B533E-F9A8-47C9-808E-F5E4EF6FFFD3}"
EndProject
Global
	GlobalSection(SolutionConfigurationPlatforms) = preSolution
		Debug|Any CPU = Debug|Any CPU
		Release|Any CPU = Release|Any CPU
	EndGlobalSection
	GlobalSection(ProjectConfigurationPlatforms) = postSolution
		{D77B533E-F9A8-47C9-808E-F5E4EF6FFFD3}.Debug|Any CPU.ActiveCfg = Debug|Any CPU
		{D77B533E-F9A8-47C9-808E-F5E4EF6FFFD3}.Debug|Any CPU.Build.0 = Debug|Any CPU
		{D77B533E-F9A8-47C9-808E-F5E4EF6FFFD3}.Release|Any CPU.ActiveCfg = Release|Any CPU
		{D77B533E-F9A8-47C9-808E-F5E4EF6FFFD3}.Release|Any CPU.Build.0 = Release|Any CPU
	EndGlobalSection
	GlobalSection(SolutionProperties) = preSolution
		HideSolutionNode = FALSE
	EndGlobalSection
	GlobalSection(ExtensibilityGlobals) = postSolution
		SolutionGuid = {916269F7-34C6-4D87-A627-3AC50BAA39E8}
	EndGlobalSection
EndGlobal
