
Microsoft Visual Studio Solution File, Format Version 12.00
# Visual Studio Version 17
VisualStudioVersion = 17.3.32929.385
MinimumVisualStudioVersion = 10.0.40219.1
Project("{FAE04EC0-301F-11D3-BF4B-00C04F79EFBC}") = "Test", "Test\Test.csproj", "{134C2452-30F0-4189-BB25-61CC74A69A58}"
EndProject
Global
	GlobalSection(SolutionConfigurationPlatforms) = preSolution
		Debug|Any CPU = Debug|Any CPU
		Release|Any CPU = Release|Any CPU
	EndGlobalSection
	GlobalSection(ProjectConfigurationPlatforms) = postSolution
		{134C2452-30F0-4189-BB25-61CC74A69A58}.Debug|Any CPU.ActiveCfg = Debug|Any CPU
		{134C2452-30F0-4189-BB25-61CC74A69A58}.Debug|Any CPU.Build.0 = Debug|Any CPU
		{134C2452-30F0-4189-BB25-61CC74A69A58}.Release|Any CPU.ActiveCfg = Release|Any CPU
		{134C2452-30F0-4189-BB25-61CC74A69A58}.Release|Any CPU.Build.0 = Release|Any CPU
	EndGlobalSection
	GlobalSection(SolutionProperties) = preSolution
		HideSolutionNode = FALSE
	EndGlobalSection
	GlobalSection(ExtensibilityGlobals) = postSolution
		SolutionGuid = {1D5E0387-0A64-4A9B-BDDD-39F07A48DCF5}
	EndGlobalSection
EndGlobal
